
Microsoft Visual Studio Solution File, Format Version 12.00
# Visual Studio Version 17
VisualStudioVersion = 17.4.33103.184
MinimumVisualStudioVersion = 10.0.40219.1
Project("{9A19103F-16F7-4668-BE54-9A1E7A4F7556}") = "DotNetConfBlazor", "DotNetConfBlazor\DotNetConfBlazor.csproj", "{7CF94E88-9C51-496E-8B32-09151BBADA27}"
EndProject
Project("{9A19103F-16F7-4668-BE54-9A1E7A4F7556}") = "ResumeApp", "..\ResumeApp\ResumeApp.csproj", "{42D3DFCF-8294-429F-B98E-1CE5B1078A7B}"
EndProject
Global
	GlobalSection(SolutionConfigurationPlatforms) = preSolution
		Debug|Any CPU = Debug|Any CPU
		Release|Any CPU = Release|Any CPU
	EndGlobalSection
	GlobalSection(ProjectConfigurationPlatforms) = postSolution
		{7CF94E88-9C51-496E-8B32-09151BBADA27}.Debug|Any CPU.ActiveCfg = Debug|Any CPU
		{7CF94E88-9C51-496E-8B32-09151BBADA27}.Debug|Any CPU.Build.0 = Debug|Any CPU
		{7CF94E88-9C51-496E-8B32-09151BBADA27}.Release|Any CPU.ActiveCfg = Release|Any CPU
		{7CF94E88-9C51-496E-8B32-09151BBADA27}.Release|Any CPU.Build.0 = Release|Any CPU
		{42D3DFCF-8294-429F-B98E-1CE5B1078A7B}.Debug|Any CPU.ActiveCfg = Debug|Any CPU
		{42D3DFCF-8294-429F-B98E-1CE5B1078A7B}.Debug|Any CPU.Build.0 = Debug|Any CPU
		{42D3DFCF-8294-429F-B98E-1CE5B1078A7B}.Release|Any CPU.ActiveCfg = Release|Any CPU
		{42D3DFCF-8294-429F-B98E-1CE5B1078A7B}.Release|Any CPU.Build.0 = Release|Any CPU
	EndGlobalSection
	GlobalSection(SolutionProperties) = preSolution
		HideSolutionNode = FALSE
	EndGlobalSection
	GlobalSection(ExtensibilityGlobals) = postSolution
		SolutionGuid = {C12CFCC1-CA73-468F-981A-3A7CCDDEC188}
	EndGlobalSection
EndGlobal
